
Microsoft Visual Studio Solution File, Format Version 12.00
# Visual Studio 15
VisualStudioVersion = 15.0.27703.2042
MinimumVisualStudioVersion = 10.0.40219.1
Project("{FAE04EC0-301F-11D3-BF4B-00C04F79EFBC}") = "DomainLesson", "DomainLesson\DomainLesson.csproj", "{C7220040-A557-4BCD-8CFA-C02A7ECE37D3}"
EndProject
Global
	GlobalSection(SolutionConfigurationPlatforms) = preSolution
		Debug|Any CPU = Debug|Any CPU
		Release|Any CPU = Release|Any CPU
	EndGlobalSection
	GlobalSection(ProjectConfigurationPlatforms) = postSolution
		{C7220040-A557-4BCD-8CFA-C02A7ECE37D3}.Debug|Any CPU.ActiveCfg = Debug|Any CPU
		{C7220040-A557-4BCD-8CFA-C02A7ECE37D3}.Debug|Any CPU.Build.0 = Debug|Any CPU
		{C7220040-A557-4BCD-8CFA-C02A7ECE37D3}.Release|Any CPU.ActiveCfg = Release|Any CPU
		{C7220040-A557-4BCD-8CFA-C02A7ECE37D3}.Release|Any CPU.Build.0 = Release|Any CPU
	EndGlobalSection
	GlobalSection(SolutionProperties) = preSolution
		HideSolutionNode = FALSE
	EndGlobalSection
	GlobalSection(ExtensibilityGlobals) = postSolution
		SolutionGuid = {EA7D7DBA-369D-4615-8294-80094D9A20A7}
	EndGlobalSection
EndGlobal
